
Microsoft Visual Studio Solution File, Format Version 12.00
# Visual Studio Version 17
VisualStudioVersion = 17.1.32407.343
MinimumVisualStudioVersion = 10.0.40219.1
Project("{FAE04EC0-301F-11D3-BF4B-00C04F79EFBC}") = "VeryEasy", "VeryEasy\VeryEasy.csproj", "{A63A66A2-8117-4D2A-A8A2-33D1EB0D9093}"
EndProject
Project("{FAE04EC0-301F-11D3-BF4B-00C04F79EFBC}") = "Medium", "Medium\Medium.csproj", "{8CC1DE56-06DA-4B2E-BF51-210564CA0B52}"
EndProject
Global
	GlobalSection(SolutionConfigurationPlatforms) = preSolution
		Debug|Any CPU = Debug|Any CPU
		Release|Any CPU = Release|Any CPU
	EndGlobalSection
	GlobalSection(ProjectConfigurationPlatforms) = postSolution
		{A63A66A2-8117-4D2A-A8A2-33D1EB0D9093}.Debug|Any CPU.ActiveCfg = Debug|Any CPU
		{A63A66A2-8117-4D2A-A8A2-33D1EB0D9093}.Debug|Any CPU.Build.0 = Debug|Any CPU
		{A63A66A2-8117-4D2A-A8A2-33D1EB0D9093}.Release|Any CPU.ActiveCfg = Release|Any CPU
		{A63A66A2-8117-4D2A-A8A2-33D1EB0D9093}.Release|Any CPU.Build.0 = Release|Any CPU
		{8CC1DE56-06DA-4B2E-BF51-210564CA0B52}.Debug|Any CPU.ActiveCfg = Debug|Any CPU
		{8CC1DE56-06DA-4B2E-BF51-210564CA0B52}.Debug|Any CPU.Build.0 = Debug|Any CPU
		{8CC1DE56-06DA-4B2E-BF51-210564CA0B52}.Release|Any CPU.ActiveCfg = Release|Any CPU
		{8CC1DE56-06DA-4B2E-BF51-210564CA0B52}.Release|Any CPU.Build.0 = Release|Any CPU
	EndGlobalSection
	GlobalSection(SolutionProperties) = preSolution
		HideSolutionNode = FALSE
	EndGlobalSection
	GlobalSection(ExtensibilityGlobals) = postSolution
		SolutionGuid = {DC041EA8-A42F-4702-A633-E714C1C7F54C}
	EndGlobalSection
EndGlobal
